
Microsoft Visual Studio Solution File, Format Version 12.00
# Visual Studio Version 16
VisualStudioVersion = 16.0.29411.108
MinimumVisualStudioVersion = 10.0.40219.1
Project("{2150E333-8FDC-42A3-9474-1A3956D46DE8}") = "Game-VierOpEenRij", "Game-VierOpEenRij", "{F11988F2-B3AF-434C-9334-C7BAD5255B9C}"
EndProject
Project("{9A19103F-16F7-4668-BE54-9A1E7A4F7556}") = "Games.VierOpEenRij", "GameVOPR\Games.VierOpEenRij.csproj", "{C1D72EC8-0836-4BE6-A10F-345E3BA6B94B}"
EndProject
Project("{2150E333-8FDC-42A3-9474-1A3956D46DE8}") = "Server", "Server", "{02B56AFF-BE56-47D7-B0DE-A1EA9CF936F8}"
EndProject
Project("{2150E333-8FDC-42A3-9474-1A3956D46DE8}") = "Client", "Client", "{44525148-37B1-44BF-B8EF-E3651E3FFD36}"
EndProject
Project("{9A19103F-16F7-4668-BE54-9A1E7A4F7556}") = "ServerApp", "ServerApp\ServerApp.csproj", "{C12FDF7D-65F0-4471-A975-F2DC2F87A53B}"
EndProject
Project("{9A19103F-16F7-4668-BE54-9A1E7A4F7556}") = "ClientApp", "ClientApp\ClientApp.csproj", "{DAA40E31-F49B-47A6-A232-6C16F35065B1}"
EndProject
Project("{9A19103F-16F7-4668-BE54-9A1E7A4F7556}") = "SocketClient", "SocketClient\SocketClient.csproj", "{EE1EC358-7834-4BB2-AD5A-29828804B4E2}"
EndProject
Project("{9A19103F-16F7-4668-BE54-9A1E7A4F7556}") = "ServerSocket", "ServerSocket\ServerSocket.csproj", "{E51D3EC1-E08D-4A38-A73E-39CEAC613FF4}"
EndProject
Project("{2150E333-8FDC-42A3-9474-1A3956D46DE8}") = "Shared", "Shared", "{85AAD681-912E-4FF0-BA63-504E42708AA7}"
EndProject
Project("{9A19103F-16F7-4668-BE54-9A1E7A4F7556}") = "Communicator", "Communicator\Communicator.csproj", "{D6B2CC03-83AB-4BBE-8021-FD4D413EEF1D}"
EndProject
Global
	GlobalSection(SolutionConfigurationPlatforms) = preSolution
		Debug|Any CPU = Debug|Any CPU
		Release|Any CPU = Release|Any CPU
	EndGlobalSection
	GlobalSection(ProjectConfigurationPlatforms) = postSolution
		{C1D72EC8-0836-4BE6-A10F-345E3BA6B94B}.Debug|Any CPU.ActiveCfg = Debug|Any CPU
		{C1D72EC8-0836-4BE6-A10F-345E3BA6B94B}.Debug|Any CPU.Build.0 = Debug|Any CPU
		{C1D72EC8-0836-4BE6-A10F-345E3BA6B94B}.Release|Any CPU.ActiveCfg = Release|Any CPU
		{C1D72EC8-0836-4BE6-A10F-345E3BA6B94B}.Release|Any CPU.Build.0 = Release|Any CPU
		{C12FDF7D-65F0-4471-A975-F2DC2F87A53B}.Debug|Any CPU.ActiveCfg = Debug|Any CPU
		{C12FDF7D-65F0-4471-A975-F2DC2F87A53B}.Debug|Any CPU.Build.0 = Debug|Any CPU
		{C12FDF7D-65F0-4471-A975-F2DC2F87A53B}.Release|Any CPU.ActiveCfg = Release|Any CPU
		{C12FDF7D-65F0-4471-A975-F2DC2F87A53B}.Release|Any CPU.Build.0 = Release|Any CPU
		{DAA40E31-F49B-47A6-A232-6C16F35065B1}.Debug|Any CPU.ActiveCfg = Debug|Any CPU
		{DAA40E31-F49B-47A6-A232-6C16F35065B1}.Debug|Any CPU.Build.0 = Debug|Any CPU
		{DAA40E31-F49B-47A6-A232-6C16F35065B1}.Release|Any CPU.ActiveCfg = Release|Any CPU
		{DAA40E31-F49B-47A6-A232-6C16F35065B1}.Release|Any CPU.Build.0 = Release|Any CPU
		{EE1EC358-7834-4BB2-AD5A-29828804B4E2}.Debug|Any CPU.ActiveCfg = Debug|Any CPU
		{EE1EC358-7834-4BB2-AD5A-29828804B4E2}.Debug|Any CPU.Build.0 = Debug|Any CPU
		{EE1EC358-7834-4BB2-AD5A-29828804B4E2}.Release|Any CPU.ActiveCfg = Release|Any CPU
		{EE1EC358-7834-4BB2-AD5A-29828804B4E2}.Release|Any CPU.Build.0 = Release|Any CPU
		{E51D3EC1-E08D-4A38-A73E-39CEAC613FF4}.Debug|Any CPU.ActiveCfg = Debug|Any CPU
		{E51D3EC1-E08D-4A38-A73E-39CEAC613FF4}.Debug|Any CPU.Build.0 = Debug|Any CPU
		{E51D3EC1-E08D-4A38-A73E-39CEAC613FF4}.Release|Any CPU.ActiveCfg = Release|Any CPU
		{E51D3EC1-E08D-4A38-A73E-39CEAC613FF4}.Release|Any CPU.Build.0 = Release|Any CPU
		{D6B2CC03-83AB-4BBE-8021-FD4D413EEF1D}.Debug|Any CPU.ActiveCfg = Debug|Any CPU
		{D6B2CC03-83AB-4BBE-8021-FD4D413EEF1D}.Debug|Any CPU.Build.0 = Debug|Any CPU
		{D6B2CC03-83AB-4BBE-8021-FD4D413EEF1D}.Release|Any CPU.ActiveCfg = Release|Any CPU
		{D6B2CC03-83AB-4BBE-8021-FD4D413EEF1D}.Release|Any CPU.Build.0 = Release|Any CPU
	EndGlobalSection
	GlobalSection(SolutionProperties) = preSolution
		HideSolutionNode = FALSE
	EndGlobalSection
	GlobalSection(NestedProjects) = preSolution
		{C1D72EC8-0836-4BE6-A10F-345E3BA6B94B} = {F11988F2-B3AF-434C-9334-C7BAD5255B9C}
		{C12FDF7D-65F0-4471-A975-F2DC2F87A53B} = {02B56AFF-BE56-47D7-B0DE-A1EA9CF936F8}
		{DAA40E31-F49B-47A6-A232-6C16F35065B1} = {44525148-37B1-44BF-B8EF-E3651E3FFD36}
		{EE1EC358-7834-4BB2-AD5A-29828804B4E2} = {44525148-37B1-44BF-B8EF-E3651E3FFD36}
		{E51D3EC1-E08D-4A38-A73E-39CEAC613FF4} = {02B56AFF-BE56-47D7-B0DE-A1EA9CF936F8}
		{D6B2CC03-83AB-4BBE-8021-FD4D413EEF1D} = {85AAD681-912E-4FF0-BA63-504E42708AA7}
	EndGlobalSection
	GlobalSection(ExtensibilityGlobals) = postSolution
		SolutionGuid = {57457A8C-41EF-4A21-822F-6703A9F0264B}
	EndGlobalSection
EndGlobal
